
Microsoft Visual Studio Solution File, Format Version 12.00
# Visual Studio Version 16
VisualStudioVersion = 16.0.30804.86
MinimumVisualStudioVersion = 10.0.40219.1
Project("{9A19103F-16F7-4668-BE54-9A1E7A4F7556}") = "Microsoft.Syslog.Tests", "Microsoft.Syslog.Tests\Microsoft.Syslog.Tests.csproj", "{C8EB4E56-26DE-4AC9-8B3E-886F6683F4E0}"
EndProject
Project("{9A19103F-16F7-4668-BE54-9A1E7A4F7556}") = "Microsoft.Syslog", "Microsoft.Syslog\Microsoft.Syslog.csproj", "{F29DB918-E2F9-47B2-9410-82F88AE6B019}"
EndProject
Project("{9A19103F-16F7-4668-BE54-9A1E7A4F7556}") = "Microsoft.Syslog.SampleApp", "Microsoft.Syslog.SampleApp\Microsoft.Syslog.SampleApp.csproj", "{4CB60E2D-EDEE-4EF7-86F6-519050457598}"
EndProject
Project("{9A19103F-16F7-4668-BE54-9A1E7A4F7556}") = "Microsoft.Syslog.TestLoadApp", "Microsoft.Syslog.TestLoadApp\Microsoft.Syslog.TestLoadApp.csproj", "{50743612-78EF-4ABC-AFB1-C10C77E3E5F9}"
EndProject
Global
	GlobalSection(SolutionConfigurationPlatforms) = preSolution
		Debug|Any CPU = Debug|Any CPU
		Release|Any CPU = Release|Any CPU
	EndGlobalSection
	GlobalSection(ProjectConfigurationPlatforms) = postSolution
		{C8EB4E56-26DE-4AC9-8B3E-886F6683F4E0}.Debug|Any CPU.ActiveCfg = Debug|Any CPU
		{C8EB4E56-26DE-4AC9-8B3E-886F6683F4E0}.Debug|Any CPU.Build.0 = Debug|Any CPU
		{C8EB4E56-26DE-4AC9-8B3E-886F6683F4E0}.Release|Any CPU.ActiveCfg = Release|Any CPU
		{C8EB4E56-26DE-4AC9-8B3E-886F6683F4E0}.Release|Any CPU.Build.0 = Release|Any CPU
		{F29DB918-E2F9-47B2-9410-82F88AE6B019}.Debug|Any CPU.ActiveCfg = Debug|Any CPU
		{F29DB918-E2F9-47B2-9410-82F88AE6B019}.Debug|Any CPU.Build.0 = Debug|Any CPU
		{F29DB918-E2F9-47B2-9410-82F88AE6B019}.Release|Any CPU.ActiveCfg = Release|Any CPU
		{F29DB918-E2F9-47B2-9410-82F88AE6B019}.Release|Any CPU.Build.0 = Release|Any CPU
		{4CB60E2D-EDEE-4EF7-86F6-519050457598}.Debug|Any CPU.ActiveCfg = Debug|Any CPU
		{4CB60E2D-EDEE-4EF7-86F6-519050457598}.Debug|Any CPU.Build.0 = Debug|Any CPU
		{4CB60E2D-EDEE-4EF7-86F6-519050457598}.Release|Any CPU.ActiveCfg = Release|Any CPU
		{4CB60E2D-EDEE-4EF7-86F6-519050457598}.Release|Any CPU.Build.0 = Release|Any CPU
		{50743612-78EF-4ABC-AFB1-C10C77E3E5F9}.Debug|Any CPU.ActiveCfg = Debug|Any CPU
		{50743612-78EF-4ABC-AFB1-C10C77E3E5F9}.Debug|Any CPU.Build.0 = Debug|Any CPU
		{50743612-78EF-4ABC-AFB1-C10C77E3E5F9}.Release|Any CPU.ActiveCfg = Release|Any CPU
		{50743612-78EF-4ABC-AFB1-C10C77E3E5F9}.Release|Any CPU.Build.0 = Release|Any CPU
	EndGlobalSection
	GlobalSection(SolutionProperties) = preSolution
		HideSolutionNode = FALSE
	EndGlobalSection
	GlobalSection(ExtensibilityGlobals) = postSolution
		SolutionGuid = {AA55B5FB-C55C-4457-8616-5510AA7A90BB}
	EndGlobalSection
EndGlobal
