
Microsoft Visual Studio Solution File, Format Version 12.00
# Visual Studio Version 16
VisualStudioVersion = 16.0.30804.86
MinimumVisualStudioVersion = 10.0.40219.1
Project("{9A19103F-16F7-4668-BE54-9A1E7A4F7556}") = "SyslogDecode", "SyslogDecode\SyslogDecode.csproj", "{E0368E85-A659-431A-8A61-7758BE9EA7C3}"
EndProject
Project("{9A19103F-16F7-4668-BE54-9A1E7A4F7556}") = "SyslogDecode.SampleApp", "SyslogDecode.SampleApp\SyslogDecode.SampleApp.csproj", "{83B010F8-418B-4E38-A29D-0D9506F76F82}"
EndProject
Project("{9A19103F-16F7-4668-BE54-9A1E7A4F7556}") = "SyslogDecode.TestLoadApp", "SyslogDecode.TestLoadApp\SyslogDecode.TestLoadApp.csproj", "{9D3F987E-D487-4896-A611-5D0D769C7F3F}"
EndProject
Project("{9A19103F-16F7-4668-BE54-9A1E7A4F7556}") = "SyslogDecode.Tests", "SyslogDecode.Tests\SyslogDecode.Tests.csproj", "{09FDF60A-7996-4434-B1E8-4E49D499FC0F}"
EndProject
Global
	GlobalSection(SolutionConfigurationPlatforms) = preSolution
		Debug|Any CPU = Debug|Any CPU
		Release|Any CPU = Release|Any CPU
	EndGlobalSection
	GlobalSection(ProjectConfigurationPlatforms) = postSolution
		{E0368E85-A659-431A-8A61-7758BE9EA7C3}.Debug|Any CPU.ActiveCfg = Debug|Any CPU
		{E0368E85-A659-431A-8A61-7758BE9EA7C3}.Debug|Any CPU.Build.0 = Debug|Any CPU
		{E0368E85-A659-431A-8A61-7758BE9EA7C3}.Release|Any CPU.ActiveCfg = Release|Any CPU
		{E0368E85-A659-431A-8A61-7758BE9EA7C3}.Release|Any CPU.Build.0 = Release|Any CPU
		{83B010F8-418B-4E38-A29D-0D9506F76F82}.Debug|Any CPU.ActiveCfg = Debug|Any CPU
		{83B010F8-418B-4E38-A29D-0D9506F76F82}.Debug|Any CPU.Build.0 = Debug|Any CPU
		{83B010F8-418B-4E38-A29D-0D9506F76F82}.Release|Any CPU.ActiveCfg = Release|Any CPU
		{83B010F8-418B-4E38-A29D-0D9506F76F82}.Release|Any CPU.Build.0 = Release|Any CPU
		{9D3F987E-D487-4896-A611-5D0D769C7F3F}.Debug|Any CPU.ActiveCfg = Debug|Any CPU
		{9D3F987E-D487-4896-A611-5D0D769C7F3F}.Debug|Any CPU.Build.0 = Debug|Any CPU
		{9D3F987E-D487-4896-A611-5D0D769C7F3F}.Release|Any CPU.ActiveCfg = Release|Any CPU
		{9D3F987E-D487-4896-A611-5D0D769C7F3F}.Release|Any CPU.Build.0 = Release|Any CPU
		{09FDF60A-7996-4434-B1E8-4E49D499FC0F}.Debug|Any CPU.ActiveCfg = Debug|Any CPU
		{09FDF60A-7996-4434-B1E8-4E49D499FC0F}.Debug|Any CPU.Build.0 = Debug|Any CPU
		{09FDF60A-7996-4434-B1E8-4E49D499FC0F}.Release|Any CPU.ActiveCfg = Release|Any CPU
		{09FDF60A-7996-4434-B1E8-4E49D499FC0F}.Release|Any CPU.Build.0 = Release|Any CPU
	EndGlobalSection
	GlobalSection(SolutionProperties) = preSolution
		HideSolutionNode = FALSE
	EndGlobalSection
	GlobalSection(ExtensibilityGlobals) = postSolution
		SolutionGuid = {AA55B5FB-C55C-4457-8616-5510AA7A90BB}
	EndGlobalSection
EndGlobal
